
Microsoft Visual Studio Solution File, Format Version 12.00
# Visual Studio Version 17
VisualStudioVersion = 17.11.35222.181
MinimumVisualStudioVersion = 10.0.40219.1
Project("{FAE04EC0-301F-11D3-BF4B-00C04F79EFBC}") = "client", "client\ipk25-chat.csproj", "{9462E265-F75B-4AA1-9318-517441437BA9}"
EndProject
Global
	GlobalSection(SolutionConfigurationPlatforms) = preSolution
		Debug|Any CPU = Debug|Any CPU
		Release|Any CPU = Release|Any CPU
	EndGlobalSection
	GlobalSection(ProjectConfigurationPlatforms) = postSolution
		{9462E265-F75B-4AA1-9318-517441437BA9}.Debug|Any CPU.ActiveCfg = Debug|Any CPU
		{9462E265-F75B-4AA1-9318-517441437BA9}.Debug|Any CPU.Build.0 = Debug|Any CPU
		{9462E265-F75B-4AA1-9318-517441437BA9}.Release|Any CPU.ActiveCfg = Release|Any CPU
		{9462E265-F75B-4AA1-9318-517441437BA9}.Release|Any CPU.Build.0 = Release|Any CPU
	EndGlobalSection
	GlobalSection(SolutionProperties) = preSolution
		HideSolutionNode = FALSE
	EndGlobalSection
	GlobalSection(ExtensibilityGlobals) = postSolution
		SolutionGuid = {D8F98F01-A720-4338-848F-B1F2ABE596DC}
	EndGlobalSection
EndGlobal
